github.com/davecgh/go-spew v1.1.0/go.mod h1:J7Y8YcW2NihsgmVo/mv3lAwl/skON4iLHjSsI+c5H38=
github.com/frankenbeanies/uuid4 v0.0.0-20180313125435-68b799ec299a h1:oxdqt7Y3J6/prhpMQ7msE7CanS51pzHb8NF44PCSoXY=
github.com/frankenbeanies/uuid4 v0.0.0-20180313125435-68b799ec299a/go.mod h1:MmPmk1AfyaEzDM+9n93pi02xKEqUgZMj+AL/oX65TDE=
github.com/gascore/dom v0.2.3 h1:kFfQvNXeq3nEKJhP0/2Qy59DLHGBN1mUp9RLWet2kd0=
github.com/gascore/dom v0.2.3/go.mod h1:aZt0YZyRxTJaYwAkAf9mQjzFSMvL4LTasUGKCgZ0DJk=
github.com/gorilla/websocket v1.4.0/go.mod h1:E7qHFY5m1UJ88s3WnNqhKjPHQ0heANvMoAMk2YaljkQ=
github.com/pmezard/go-difflib v1.0.0/go.mod h1:iKH77koFhYxTK1pcRnkKkqfTogsbg7gZNVY4sRDYZ/4=
github.com/stretchr/objx v0.1.0/go.mod h1:HFkY916IF+rwdDfMAkV7OtwuqBVzrE8GR6GFx+wExME=
github.com/stretchr/testify v1.3.0/go.mod h1:M5WIy9Dh21IEIfnGCwXGc5bZfKNJtfHm1UVUgZn+9EI=
